
Microsoft Visual Studio Solution File, Format Version 12.00
# Visual Studio Version 16
VisualStudioVersion = 16.0.29306.81
MinimumVisualStudioVersion = 10.0.40219.1
Project("{FAE04EC0-301F-11D3-BF4B-00C04F79EFBC}") = "RHIndividueel", "RHIndividueel\RHIndividueel.csproj", "{47286EA3-004D-4991-B183-0FC7E19EF571}"
EndProject
Global
	GlobalSection(SolutionConfigurationPlatforms) = preSolution
		Debug|Any CPU = Debug|Any CPU
		Release|Any CPU = Release|Any CPU
	EndGlobalSection
	GlobalSection(ProjectConfigurationPlatforms) = postSolution
		{47286EA3-004D-4991-B183-0FC7E19EF571}.Debug|Any CPU.ActiveCfg = Debug|Any CPU
		{47286EA3-004D-4991-B183-0FC7E19EF571}.Debug|Any CPU.Build.0 = Debug|Any CPU
		{47286EA3-004D-4991-B183-0FC7E19EF571}.Release|Any CPU.ActiveCfg = Release|Any CPU
		{47286EA3-004D-4991-B183-0FC7E19EF571}.Release|Any CPU.Build.0 = Release|Any CPU
	EndGlobalSection
	GlobalSection(SolutionProperties) = preSolution
		HideSolutionNode = FALSE
	EndGlobalSection
	GlobalSection(ExtensibilityGlobals) = postSolution
		SolutionGuid = {6B215962-0470-49BC-81E9-0DC1BB70C52F}
	EndGlobalSection
EndGlobal
